
Microsoft Visual Studio Solution File, Format Version 12.00
# Visual Studio 15
VisualStudioVersion = 15.0.28307.421
MinimumVisualStudioVersion = 10.0.40219.1
Project("{2150E333-8FDC-42A3-9474-1A3956D46DE8}") = "1. Core", "1. Core", "{FDFE2B9C-CB07-45C4-994E-DCD4FC5073BD}"
EndProject
Project("{2150E333-8FDC-42A3-9474-1A3956D46DE8}") = "2. Domain", "2. Domain", "{58995DC4-C4AF-45DB-9D5A-914EC0E16A0A}"
EndProject
Project("{2150E333-8FDC-42A3-9474-1A3956D46DE8}") = "3. App", "3. App", "{A636CB2A-EFE5-4F6A-BBF4-C081ABB15A05}"
EndProject
Project("{9A19103F-16F7-4668-BE54-9A1E7A4F7556}") = "Electrum.App", "Electrum.App\Electrum.App.csproj", "{664DD4EF-EC69-4A1A-9ED6-02DFC331799A}"
EndProject
Project("{9A19103F-16F7-4668-BE54-9A1E7A4F7556}") = "Electrum.Data", "Electrum.Data\Electrum.Data.csproj", "{6F6490B2-C9F3-4B52-A71D-B63F2B8A6B18}"
EndProject
Project("{9A19103F-16F7-4668-BE54-9A1E7A4F7556}") = "Electrum.EventBus", "Electrum.EventBus\Electrum.EventBus.csproj", "{D7CFD148-8B9D-40AE-BBC5-5FF4C6237126}"
EndProject
Project("{9A19103F-16F7-4668-BE54-9A1E7A4F7556}") = "Electrum.EventBusRabbitMQ", "Electrum.EventBusRabbitMQ\Electrum.EventBusRabbitMQ.csproj", "{D8FE9DC1-0C2C-4EBB-A7C3-2614ECB14011}"
EndProject
Project("{9A19103F-16F7-4668-BE54-9A1E7A4F7556}") = "Electrum.Identity", "Electrum.Identity\Electrum.Identity.csproj", "{901C6F52-3E16-4178-A024-2961CE882B0E}"
EndProject
Project("{9A19103F-16F7-4668-BE54-9A1E7A4F7556}") = "Electrum.Common", "Electrum.Common\Electrum.Common.csproj", "{E30CEAFC-47A2-4012-88DC-3004B1A4C6B8}"
EndProject
Project("{2150E333-8FDC-42A3-9474-1A3956D46DE8}") = "Identity", "Identity", "{EF911642-5792-44D1-9A13-DF6B3B9C8B2D}"
EndProject
Project("{2150E333-8FDC-42A3-9474-1A3956D46DE8}") = "src", "src", "{273767E5-32AD-4E74-8910-F8C584B138B9}"
EndProject
Project("{2150E333-8FDC-42A3-9474-1A3956D46DE8}") = "API", "API", "{6D424F1E-CA78-4EC0-B893-97F1CF4996BB}"
EndProject
Project("{9A19103F-16F7-4668-BE54-9A1E7A4F7556}") = "Electrum.Api", "Electrum.Api\Electrum.Api.csproj", "{C2E3C22B-8FD7-4771-B5B0-036DD5AFD725}"
EndProject
Project("{2150E333-8FDC-42A3-9474-1A3956D46DE8}") = "tests", "tests", "{4D591B3A-6365-4DED-A18D-B0E98F4EA939}"
EndProject
Project("{2150E333-8FDC-42A3-9474-1A3956D46DE8}") = "Common", "Common", "{38CBF2F8-2435-4D1D-AA08-F742FEEA350D}"
EndProject
Project("{2150E333-8FDC-42A3-9474-1A3956D46DE8}") = "src", "src", "{56899208-6FDE-4916-BD68-A6A73D982512}"
EndProject
Project("{2150E333-8FDC-42A3-9474-1A3956D46DE8}") = "tests", "tests", "{C636FFC9-A764-4FC2-B758-647E6730EA46}"
EndProject
Global
	GlobalSection(SolutionConfigurationPlatforms) = preSolution
		Debug|Any CPU = Debug|Any CPU
		Release|Any CPU = Release|Any CPU
	EndGlobalSection
	GlobalSection(ProjectConfigurationPlatforms) = postSolution
		{664DD4EF-EC69-4A1A-9ED6-02DFC331799A}.Debug|Any CPU.ActiveCfg = Debug|Any CPU
		{664DD4EF-EC69-4A1A-9ED6-02DFC331799A}.Debug|Any CPU.Build.0 = Debug|Any CPU
		{664DD4EF-EC69-4A1A-9ED6-02DFC331799A}.Release|Any CPU.ActiveCfg = Release|Any CPU
		{664DD4EF-EC69-4A1A-9ED6-02DFC331799A}.Release|Any CPU.Build.0 = Release|Any CPU
		{6F6490B2-C9F3-4B52-A71D-B63F2B8A6B18}.Debug|Any CPU.ActiveCfg = Debug|Any CPU
		{6F6490B2-C9F3-4B52-A71D-B63F2B8A6B18}.Debug|Any CPU.Build.0 = Debug|Any CPU
		{6F6490B2-C9F3-4B52-A71D-B63F2B8A6B18}.Release|Any CPU.ActiveCfg = Release|Any CPU
		{6F6490B2-C9F3-4B52-A71D-B63F2B8A6B18}.Release|Any CPU.Build.0 = Release|Any CPU
		{D7CFD148-8B9D-40AE-BBC5-5FF4C6237126}.Debug|Any CPU.ActiveCfg = Debug|Any CPU
		{D7CFD148-8B9D-40AE-BBC5-5FF4C6237126}.Debug|Any CPU.Build.0 = Debug|Any CPU
		{D7CFD148-8B9D-40AE-BBC5-5FF4C6237126}.Release|Any CPU.ActiveCfg = Release|Any CPU
		{D7CFD148-8B9D-40AE-BBC5-5FF4C6237126}.Release|Any CPU.Build.0 = Release|Any CPU
		{D8FE9DC1-0C2C-4EBB-A7C3-2614ECB14011}.Debug|Any CPU.ActiveCfg = Debug|Any CPU
		{D8FE9DC1-0C2C-4EBB-A7C3-2614ECB14011}.Debug|Any CPU.Build.0 = Debug|Any CPU
		{D8FE9DC1-0C2C-4EBB-A7C3-2614ECB14011}.Release|Any CPU.ActiveCfg = Release|Any CPU
		{D8FE9DC1-0C2C-4EBB-A7C3-2614ECB14011}.Release|Any CPU.Build.0 = Release|Any CPU
		{901C6F52-3E16-4178-A024-2961CE882B0E}.Debug|Any CPU.ActiveCfg = Debug|Any CPU
		{901C6F52-3E16-4178-A024-2961CE882B0E}.Debug|Any CPU.Build.0 = Debug|Any CPU
		{901C6F52-3E16-4178-A024-2961CE882B0E}.Release|Any CPU.ActiveCfg = Release|Any CPU
		{901C6F52-3E16-4178-A024-2961CE882B0E}.Release|Any CPU.Build.0 = Release|Any CPU
		{E30CEAFC-47A2-4012-88DC-3004B1A4C6B8}.Debug|Any CPU.ActiveCfg = Debug|Any CPU
		{E30CEAFC-47A2-4012-88DC-3004B1A4C6B8}.Debug|Any CPU.Build.0 = Debug|Any CPU
		{E30CEAFC-47A2-4012-88DC-3004B1A4C6B8}.Release|Any CPU.ActiveCfg = Release|Any CPU
		{E30CEAFC-47A2-4012-88DC-3004B1A4C6B8}.Release|Any CPU.Build.0 = Release|Any CPU
		{C2E3C22B-8FD7-4771-B5B0-036DD5AFD725}.Debug|Any CPU.ActiveCfg = Debug|Any CPU
		{C2E3C22B-8FD7-4771-B5B0-036DD5AFD725}.Debug|Any CPU.Build.0 = Debug|Any CPU
		{C2E3C22B-8FD7-4771-B5B0-036DD5AFD725}.Release|Any CPU.ActiveCfg = Release|Any CPU
		{C2E3C22B-8FD7-4771-B5B0-036DD5AFD725}.Release|Any CPU.Build.0 = Release|Any CPU
	EndGlobalSection
	GlobalSection(SolutionProperties) = preSolution
		HideSolutionNode = FALSE
	EndGlobalSection
	GlobalSection(NestedProjects) = preSolution
		{664DD4EF-EC69-4A1A-9ED6-02DFC331799A} = {A636CB2A-EFE5-4F6A-BBF4-C081ABB15A05}
		{6F6490B2-C9F3-4B52-A71D-B63F2B8A6B18} = {FDFE2B9C-CB07-45C4-994E-DCD4FC5073BD}
		{D7CFD148-8B9D-40AE-BBC5-5FF4C6237126} = {38CBF2F8-2435-4D1D-AA08-F742FEEA350D}
		{D8FE9DC1-0C2C-4EBB-A7C3-2614ECB14011} = {38CBF2F8-2435-4D1D-AA08-F742FEEA350D}
		{901C6F52-3E16-4178-A024-2961CE882B0E} = {273767E5-32AD-4E74-8910-F8C584B138B9}
		{E30CEAFC-47A2-4012-88DC-3004B1A4C6B8} = {38CBF2F8-2435-4D1D-AA08-F742FEEA350D}
		{273767E5-32AD-4E74-8910-F8C584B138B9} = {EF911642-5792-44D1-9A13-DF6B3B9C8B2D}
		{C2E3C22B-8FD7-4771-B5B0-036DD5AFD725} = {56899208-6FDE-4916-BD68-A6A73D982512}
		{4D591B3A-6365-4DED-A18D-B0E98F4EA939} = {EF911642-5792-44D1-9A13-DF6B3B9C8B2D}
		{56899208-6FDE-4916-BD68-A6A73D982512} = {6D424F1E-CA78-4EC0-B893-97F1CF4996BB}
		{C636FFC9-A764-4FC2-B758-647E6730EA46} = {6D424F1E-CA78-4EC0-B893-97F1CF4996BB}
	EndGlobalSection
	GlobalSection(ExtensibilityGlobals) = postSolution
		SolutionGuid = {754E7ACC-43F2-4AC3-9367-677C97F4A649}
	EndGlobalSection
EndGlobal
